
Microsoft Visual Studio Solution File, Format Version 12.00
# Visual Studio Version 16
VisualStudioVersion = 16.0.29001.49
MinimumVisualStudioVersion = 10.0.40219.1
Project("{FAE04EC0-301F-11D3-BF4B-00C04F79EFBC}") = "hacker2019_bester", "hacker2019_bester\hacker2019_bester.csproj", "{C172C8D8-B230-46FC-8A4A-9B16F144F77E}"
EndProject
Global
	GlobalSection(SolutionConfigurationPlatforms) = preSolution
		Debug|Any CPU = Debug|Any CPU
		Release|Any CPU = Release|Any CPU
	EndGlobalSection
	GlobalSection(ProjectConfigurationPlatforms) = postSolution
		{C172C8D8-B230-46FC-8A4A-9B16F144F77E}.Debug|Any CPU.ActiveCfg = Debug|Any CPU
		{C172C8D8-B230-46FC-8A4A-9B16F144F77E}.Debug|Any CPU.Build.0 = Debug|Any CPU
		{C172C8D8-B230-46FC-8A4A-9B16F144F77E}.Release|Any CPU.ActiveCfg = Release|Any CPU
		{C172C8D8-B230-46FC-8A4A-9B16F144F77E}.Release|Any CPU.Build.0 = Release|Any CPU
	EndGlobalSection
	GlobalSection(SolutionProperties) = preSolution
		HideSolutionNode = FALSE
	EndGlobalSection
	GlobalSection(ExtensibilityGlobals) = postSolution
		SolutionGuid = {F3DFB4E2-4511-4136-828D-735002CB0043}
	EndGlobalSection
EndGlobal
